
Microsoft Visual Studio Solution File, Format Version 12.00
# Visual Studio Version 16
VisualStudioVersion = 16.0.29806.167
MinimumVisualStudioVersion = 10.0.40219.1
Project("{FAE04EC0-301F-11D3-BF4B-00C04F79EFBC}") = "Xbox exclusive (PC version)", "Xbox exclusive (PC version)\Xbox exclusive (PC version).csproj", "{A60AF2C1-76FE-49F9-9878-55B0AB48C8BD}"
EndProject
Global
	GlobalSection(SolutionConfigurationPlatforms) = preSolution
		Debug|Any CPU = Debug|Any CPU
		Release|Any CPU = Release|Any CPU
	EndGlobalSection
	GlobalSection(ProjectConfigurationPlatforms) = postSolution
		{A60AF2C1-76FE-49F9-9878-55B0AB48C8BD}.Debug|Any CPU.ActiveCfg = Debug|Any CPU
		{A60AF2C1-76FE-49F9-9878-55B0AB48C8BD}.Debug|Any CPU.Build.0 = Debug|Any CPU
		{A60AF2C1-76FE-49F9-9878-55B0AB48C8BD}.Release|Any CPU.ActiveCfg = Release|Any CPU
		{A60AF2C1-76FE-49F9-9878-55B0AB48C8BD}.Release|Any CPU.Build.0 = Release|Any CPU
	EndGlobalSection
	GlobalSection(SolutionProperties) = preSolution
		HideSolutionNode = FALSE
	EndGlobalSection
	GlobalSection(ExtensibilityGlobals) = postSolution
		SolutionGuid = {F663C2BB-25FF-4F0B-A214-E8461CD805FA}
	EndGlobalSection
EndGlobal
